// !$*UTF8*$!
{
	archiveVersion = 1;
	classes = {
	};
	objectVersion = 46;
	objects = {

/* Begin PBXBuildFile section */
		DAD9D29A17C3DD1800B74D83 /* UIKit.framework in Frameworks */ = {isa = PBXBuildFile; fileRef = DAD9D29917C3DD1800B74D83 /* UIKit.framework */; };
		DAD9D29C17C3DD1800B74D83 /* Foundation.framework in Frameworks */ = {isa = PBXBuildFile; fileRef = DAD9D29B17C3DD1800B74D83 /* Foundation.framework */; };
		DAD9D29E17C3DD1800B74D83 /* CoreGraphics.framework in Frameworks */ = {isa = PBXBuildFile; fileRef = DAD9D29D17C3DD1800B74D83 /* CoreGraphics.framework */; };
		DAD9D2A417C3DD1800B74D83 /* InfoPlist.strings in Resources */ = {isa = PBXBuildFile; fileRef = DAD9D2A217C3DD1800B74D83 /* InfoPlist.strings */; };
		DAD9D2A617C3DD1800B74D83 /* main.m in Sources */ = {isa = PBXBuildFile; fileRef = DAD9D2A517C3DD1800B74D83 /* main.m */; };
		DAD9D2AA17C3DD1800B74D83 /* AppDelegate.m in Sources */ = {isa = PBXBuildFile; fileRef = DAD9D2A917C3DD1800B74D83 /* AppDelegate.m */; };
		DAD9D2AC17C3DD1800B74D83 /* Default.png in Resources */ = {isa = PBXBuildFile; fileRef = DAD9D2AB17C3DD1800B74D83 /* Default.png */; };
		DAD9D2AE17C3DD1800B74D83 /* Default@2x.png in Resources */ = {isa = PBXBuildFile; fileRef = DAD9D2AD17C3DD1800B74D83 /* Default@2x.png */; };
		DAD9D2B017C3DD1800B74D83 /* Default-568h@2x.png in Resources */ = {isa = PBXBuildFile; fileRef = DAD9D2AF17C3DD1800B74D83 /* Default-568h@2x.png */; };
		DAD9D2B317C3DD1800B74D83 /* MainStoryboard.storyboard in Resources */ = {isa = PBXBuildFile; fileRef = DAD9D2B117C3DD1800B74D83 /* MainStoryboard.storyboard */; };
		DAD9D2B617C3DD1800B74D83 /* ViewController.m in Sources */ = {isa = PBXBuildFile; fileRef = DAD9D2B517C3DD1800B74D83 /* ViewController.m */; };
		DAD9D2BE17C3DD1800B74D83 /* SenTestingKit.framework in Frameworks */ = {isa = PBXBuildFile; fileRef = DAD9D2BD17C3DD1800B74D83 /* SenTestingKit.framework */; };
		DAD9D2BF17C3DD1800B74D83 /* UIKit.framework in Frameworks */ = {isa = PBXBuildFile; fileRef = DAD9D29917C3DD1800B74D83 /* UIKit.framework */; };
		DAD9D2C017C3DD1800B74D83 /* Foundation.framework in Frameworks */ = {isa = PBXBuildFile; fileRef = DAD9D29B17C3DD1800B74D83 /* Foundation.framework */; };
		DAD9D2C817C3DD1800B74D83 /* InfoPlist.strings in Resources */ = {isa = PBXBuildFile; fileRef = DAD9D2C617C3DD1800B74D83 /* InfoPlist.strings */; };
		DAD9D2CB17C3DD1800B74D83 /* OutputOnlyTests.m in Sources */ = {isa = PBXBuildFile; fileRef = DAD9D2CA17C3DD1800B74D83 /* OutputOnlyTests.m */; };
/* End PBXBuildFile section */

/* Begin PBXContainerItemProxy section */
		DAD9D2C117C3DD1800B74D83 /* PBXContainerItemProxy */ = {
			isa = PBXContainerItemProxy;
			containerPortal = DAD9D28E17C3DD1800B74D83 /* Project object */;
			proxyType = 1;
			remoteGlobalIDString = DAD9D29517C3DD1800B74D83;
			remoteInfo = OutputOnly;
		};
/* End PBXContainerItemProxy section */

/* Begin PBXFileReference section */
		DAD9D29617C3DD1800B74D83 /* OutputOnly.app */ = {isa = PBXFileReference; explicitFileType = wrapper.application; includeInIndex = 0; path = OutputOnly.app; sourceTree = BUILT_PRODUCTS_DIR; };
		DAD9D29917C3DD1800B74D83 /* UIKit.framework */ = {isa = PBXFileReference; lastKnownFileType = wrapper.framework; name = UIKit.framework; path = System/Library/Frameworks/UIKit.framework; sourceTree = SDKROOT; };
		DAD9D29B17C3DD1800B74D83 /* Foundation.framework */ = {isa = PBXFileReference; lastKnownFileType = wrapper.framework; name = Foundation.framework; path = System/Library/Frameworks/Foundation.framework; sourceTree = SDKROOT; };
		DAD9D29D17C3DD1800B74D83 /* CoreGraphics.framework */ = {isa = PBXFileReference; lastKnownFileType = wrapper.framework; name = CoreGraphics.framework; path = System/Library/Frameworks/CoreGraphics.framework; sourceTree = SDKROOT; };
		DAD9D2A117C3DD1800B74D83 /* OutputOnly-Info.plist */ = {isa = PBXFileReference; lastKnownFileType = text.plist.xml; path = "OutputOnly-Info.plist"; sourceTree = "<group>"; };
		DAD9D2A317C3DD1800B74D83 /* en */ = {isa = PBXFileReference; lastKnownFileType = text.plist.strings; name = en; path = en.lproj/InfoPlist.strings; sourceTree = "<group>"; };
		DAD9D2A517C3DD1800B74D83 /* main.m */ = {isa = PBXFileReference; lastKnownFileType = sourcecode.c.objc; path = main.m; sourceTree = "<group>"; };
		DAD9D2A717C3DD1800B74D83 /* OutputOnly-Prefix.pch */ = {isa = PBXFileReference; lastKnownFileType = sourcecode.c.h; path = "OutputOnly-Prefix.pch"; sourceTree = "<group>"; };
		DAD9D2A817C3DD1800B74D83 /* AppDelegate.h */ = {isa = PBXFileReference; lastKnownFileType = sourcecode.c.h; path = AppDelegate.h; sourceTree = "<group>"; };
		DAD9D2A917C3DD1800B74D83 /* AppDelegate.m */ = {isa = PBXFileReference; lastKnownFileType = sourcecode.c.objc; path = AppDelegate.m; sourceTree = "<group>"; };
		DAD9D2AB17C3DD1800B74D83 /* Default.png */ = {isa = PBXFileReference; lastKnownFileType = image.png; path = Default.png; sourceTree = "<group>"; };
		DAD9D2AD17C3DD1800B74D83 /* Default@2x.png */ = {isa = PBXFileReference; lastKnownFileType = image.png; path = "Default@2x.png"; sourceTree = "<group>"; };
		DAD9D2AF17C3DD1800B74D83 /* Default-568h@2x.png */ = {isa = PBXFileReference; lastKnownFileType = image.png; path = "Default-568h@2x.png"; sourceTree = "<group>"; };
		DAD9D2B217C3DD1800B74D83 /* en */ = {isa = PBXFileReference; lastKnownFileType = file.storyboard; name = en; path = en.lproj/MainStoryboard.storyboard; sourceTree = "<group>"; };
		DAD9D2B417C3DD1800B74D83 /* ViewController.h */ = {isa = PBXFileReference; lastKnownFileType = sourcecode.c.h; path = ViewController.h; sourceTree = "<group>"; };
		DAD9D2B517C3DD1800B74D83 /* ViewController.m */ = {isa = PBXFileReference; lastKnownFileType = sourcecode.c.objc; path = ViewController.m; sourceTree = "<group>"; };
		DAD9D2BC17C3DD1800B74D83 /* OutputOnlyTests.octest */ = {isa = PBXFileReference; explicitFileType = wrapper.cfbundle; includeInIndex = 0; path = OutputOnlyTests.octest; sourceTree = BUILT_PRODUCTS_DIR; };
		DAD9D2BD17C3DD1800B74D83 /* SenTestingKit.framework */ = {isa = PBXFileReference; lastKnownFileType = wrapper.framework; name = SenTestingKit.framework; path = Library/Frameworks/SenTestingKit.framework; sourceTree = DEVELOPER_DIR; };
		DAD9D2C517C3DD1800B74D83 /* OutputOnlyTests-Info.plist */ = {isa = PBXFileReference; lastKnownFileType = text.plist.xml; path = "OutputOnlyTests-Info.plist"; sourceTree = "<group>"; };
		DAD9D2C717C3DD1800B74D83 /* en */ = {isa = PBXFileReference; lastKnownFileType = text.plist.strings; name = en; path = en.lproj/InfoPlist.strings; sourceTree = "<group>"; };
		DAD9D2C917C3DD1800B74D83 /* OutputOnlyTests.h */ = {isa = PBXFileReference; lastKnownFileType = sourcecode.c.h; path = OutputOnlyTests.h; sourceTree = "<group>"; };
		DAD9D2CA17C3DD1800B74D83 /* OutputOnlyTests.m */ = {isa = PBXFileReference; lastKnownFileType = sourcecode.c.objc; path = OutputOnlyTests.m; sourceTree = "<group>"; };
/* End PBXFileReference section */

/* Begin PBXFrameworksBuildPhase section */
		DAD9D29317C3DD1800B74D83 /* Frameworks */ = {
			isa = PBXFrameworksBuildPhase;
			buildActionMask = 2147483647;
			files = (
				DAD9D29A17C3DD1800B74D83 /* UIKit.framework in Frameworks */,
				DAD9D29C17C3DD1800B74D83 /* Foundation.framework in Frameworks */,
				DAD9D29E17C3DD1800B74D83 /* CoreGraphics.framework in Frameworks */,
			);
			runOnlyForDeploymentPostprocessing = 0;
		};
		DAD9D2B817C3DD1800B74D83 /* Frameworks */ = {
			isa = PBXFrameworksBuildPhase;
			buildActionMask = 2147483647;
			files = (
				DAD9D2BE17C3DD1800B74D83 /* SenTestingKit.framework in Frameworks */,
				DAD9D2BF17C3DD1800B74D83 /* UIKit.framework in Frameworks */,
				DAD9D2C017C3DD1800B74D83 /* Foundation.framework in Frameworks */,
			);
			runOnlyForDeploymentPostprocessing = 0;
		};
/* End PBXFrameworksBuildPhase section */

/* Begin PBXGroup section */
		DAD9D28D17C3DD1800B74D83 = {
			isa = PBXGroup;
			children = (
				DAD9D29F17C3DD1800B74D83 /* OutputOnly */,
				DAD9D2C317C3DD1800B74D83 /* OutputOnlyTests */,
				DAD9D29817C3DD1800B74D83 /* Frameworks */,
				DAD9D29717C3DD1800B74D83 /* Products */,
			);
			sourceTree = "<group>";
		};
		DAD9D29717C3DD1800B74D83 /* Products */ = {
			isa = PBXGroup;
			children = (
				DAD9D29617C3DD1800B74D83 /* OutputOnly.app */,
				DAD9D2BC17C3DD1800B74D83 /* OutputOnlyTests.octest */,
			);
			name = Products;
			sourceTree = "<group>";
		};
		DAD9D29817C3DD1800B74D83 /* Frameworks */ = {
			isa = PBXGroup;
			children = (
				DAD9D29917C3DD1800B74D83 /* UIKit.framework */,
				DAD9D29B17C3DD1800B74D83 /* Foundation.framework */,
				DAD9D29D17C3DD1800B74D83 /* CoreGraphics.framework */,
				DAD9D2BD17C3DD1800B74D83 /* SenTestingKit.framework */,
			);
			name = Frameworks;
			sourceTree = "<group>";
		};
		DAD9D29F17C3DD1800B74D83 /* OutputOnly */ = {
			isa = PBXGroup;
			children = (
				DAD9D2A817C3DD1800B74D83 /* AppDelegate.h */,
				DAD9D2A917C3DD1800B74D83 /* AppDelegate.m */,
				DAD9D2B117C3DD1800B74D83 /* MainStoryboard.storyboard */,
				DAD9D2B417C3DD1800B74D83 /* ViewController.h */,
				DAD9D2B517C3DD1800B74D83 /* ViewController.m */,
				DAD9D2A017C3DD1800B74D83 /* Supporting Files */,
			);
			path = OutputOnly;
			sourceTree = "<group>";
		};
		DAD9D2A017C3DD1800B74D83 /* Supporting Files */ = {
			isa = PBXGroup;
			children = (
				DAD9D2A117C3DD1800B74D83 /* OutputOnly-Info.plist */,
				DAD9D2A217C3DD1800B74D83 /* InfoPlist.strings */,
				DAD9D2A517C3DD1800B74D83 /* main.m */,
				DAD9D2A717C3DD1800B74D83 /* OutputOnly-Prefix.pch */,
				DAD9D2AB17C3DD1800B74D83 /* Default.png */,
				DAD9D2AD17C3DD1800B74D83 /* Default@2x.png */,
				DAD9D2AF17C3DD1800B74D83 /* Default-568h@2x.png */,
			);
			name = "Supporting Files";
			sourceTree = "<group>";
		};
		DAD9D2C317C3DD1800B74D83 /* OutputOnlyTests */ = {
			isa = PBXGroup;
			children = (
				DAD9D2C917C3DD1800B74D83 /* OutputOnlyTests.h */,
				DAD9D2CA17C3DD1800B74D83 /* OutputOnlyTests.m */,
				DAD9D2C417C3DD1800B74D83 /* Supporting Files */,
			);
			path = OutputOnlyTests;
			sourceTree = "<group>";
		};
		DAD9D2C417C3DD1800B74D83 /* Supporting Files */ = {
			isa = PBXGroup;
			children = (
				DAD9D2C517C3DD1800B74D83 /* OutputOnlyTests-Info.plist */,
				DAD9D2C617C3DD1800B74D83 /* InfoPlist.strings */,
			);
			name = "Supporting Files";
			sourceTree = "<group>";
		};
/* End PBXGroup section */

/* Begin PBXNativeTarget section */
		DAD9D29517C3DD1800B74D83 /* OutputOnly */ = {
			isa = PBXNativeTarget;
			buildConfigurationList = DAD9D2CE17C3DD1800B74D83 /* Build configuration list for PBXNativeTarget "OutputOnly" */;
			buildPhases = (
				DAD9D29217C3DD1800B74D83 /* Sources */,
				DAD9D29317C3DD1800B74D83 /* Frameworks */,
				DAD9D29417C3DD1800B74D83 /* Resources */,
			);
			buildRules = (
			);
			dependencies = (
			);
			name = OutputOnly;
			productName = OutputOnly;
			productReference = DAD9D29617C3DD1800B74D83 /* OutputOnly.app */;
			productType = "com.apple.product-type.application";
		};
		DAD9D2BB17C3DD1800B74D83 /* OutputOnlyTests */ = {
			isa = PBXNativeTarget;
			buildConfigurationList = DAD9D2D117C3DD1800B74D83 /* Build configuration list for PBXNativeTarget "OutputOnlyTests" */;
			buildPhases = (
				DAD9D2B717C3DD1800B74D83 /* Sources */,
				DAD9D2B817C3DD1800B74D83 /* Frameworks */,
				DAD9D2B917C3DD1800B74D83 /* Resources */,
				DAD9D2BA17C3DD1800B74D83 /* ShellScript */,
			);
			buildRules = (
			);
			dependencies = (
				DAD9D2C217C3DD1800B74D83 /* PBXTargetDependency */,
			);
			name = OutputOnlyTests;
			productName = OutputOnlyTests;
			productReference = DAD9D2BC17C3DD1800B74D83 /* OutputOnlyTests.octest */;
			productType = "com.apple.product-type.bundle";
		};
/* End PBXNativeTarget section */

/* Begin PBXProject section */
		DAD9D28E17C3DD1800B74D83 /* Project object */ = {
			isa = PBXProject;
			attributes = {
				LastUpgradeCheck = 0460;
				ORGANIZATIONNAME = "Paul Kim";
			};
			buildConfigurationList = DAD9D29117C3DD1800B74D83 /* Build configuration list for PBXProject "OutputOnly" */;
			compatibilityVersion = "Xcode 3.2";
			developmentRegion = English;
			hasScannedForEncodings = 0;
			knownRegions = (
				en,
			);
			mainGroup = DAD9D28D17C3DD1800B74D83;
			productRefGroup = DAD9D29717C3DD1800B74D83 /* Products */;
			projectDirPath = "";
			projectRoot = "";
			targets = (
				DAD9D29517C3DD1800B74D83 /* OutputOnly */,
				DAD9D2BB17C3DD1800B74D83 /* OutputOnlyTests */,
			);
		};
/* End PBXProject section */

/* Begin PBXResourcesBuildPhase section */
		DAD9D29417C3DD1800B74D83 /* Resources */ = {
			isa = PBXResourcesBuildPhase;
			buildActionMask = 2147483647;
			files = (
				DAD9D2A417C3DD1800B74D83 /* InfoPlist.strings in Resources */,
				DAD9D2AC17C3DD1800B74D83 /* Default.png in Resources */,
				DAD9D2AE17C3DD1800B74D83 /* Default@2x.png in Resources */,
				DAD9D2B017C3DD1800B74D83 /* Default-568h@2x.png in Resources */,
				DAD9D2B317C3DD1800B74D83 /* MainStoryboard.storyboard in Resources */,
			);
			runOnlyForDeploymentPostprocessing = 0;
		};
		DAD9D2B917C3DD1800B74D83 /* Resources */ = {
			isa = PBXResourcesBuildPhase;
			buildActionMask = 2147483647;
			files = (
				DAD9D2C817C3DD1800B74D83 /* InfoPlist.strings in Resources */,
			);
			runOnlyForDeploymentPostprocessing = 0;
		};
/* End PBXResourcesBuildPhase section */

/* Begin PBXShellScriptBuildPhase section */
		DAD9D2BA17C3DD1800B74D83 /* ShellScript */ = {
			isa = PBXShellScriptBuildPhase;
			buildActionMask = 2147483647;
			files = (
			);
			inputPaths = (
			);
			outputPaths = (
			);
			runOnlyForDeploymentPostprocessing = 0;
			shellPath = /bin/sh;
			shellScript = "# Run the unit tests in this test bundle.\n\"${SYSTEM_DEVELOPER_DIR}/Tools/RunUnitTests\"\n";
		};
/* End PBXShellScriptBuildPhase section */

/* Begin PBXSourcesBuildPhase section */
		DAD9D29217C3DD1800B74D83 /* Sources */ = {
			isa = PBXSourcesBuildPhase;
			buildActionMask = 2147483647;
			files = (
				DAD9D2A617C3DD1800B74D83 /* main.m in Sources */,
				DAD9D2AA17C3DD1800B74D83 /* AppDelegate.m in Sources */,
				DAD9D2B617C3DD1800B74D83 /* ViewController.m in Sources */,
			);
			runOnlyForDeploymentPostprocessing = 0;
		};
		DAD9D2B717C3DD1800B74D83 /* Sources */ = {
			isa = PBXSourcesBuildPhase;
			buildActionMask = 2147483647;
			files = (
				DAD9D2CB17C3DD1800B74D83 /* OutputOnlyTests.m in Sources */,
			);
			runOnlyForDeploymentPostprocessing = 0;
		};
/* End PBXSourcesBuildPhase section */

/* Begin PBXTargetDependency section */
		DAD9D2C217C3DD1800B74D83 /* PBXTargetDependency */ = {
			isa = PBXTargetDependency;
			target = DAD9D29517C3DD1800B74D83 /* OutputOnly */;
			targetProxy = DAD9D2C117C3DD1800B74D83 /* PBXContainerItemProxy */;
		};
/* End PBXTargetDependency section */

/* Begin PBXVariantGroup section */
		DAD9D2A217C3DD1800B74D83 /* InfoPlist.strings */ = {
			isa = PBXVariantGroup;
			children = (
				DAD9D2A317C3DD1800B74D83 /* en */,
			);
			name = InfoPlist.strings;
			sourceTree = "<group>";
		};
		DAD9D2B117C3DD1800B74D83 /* MainStoryboard.storyboard */ = {
			isa = PBXVariantGroup;
			children = (
				DAD9D2B217C3DD1800B74D83 /* en */,
			);
			name = MainStoryboard.storyboard;
			sourceTree = "<group>";
		};
		DAD9D2C617C3DD1800B74D83 /* InfoPlist.strings */ = {
			isa = PBXVariantGroup;
			children = (
				DAD9D2C717C3DD1800B74D83 /* en */,
			);
			name = InfoPlist.strings;
			sourceTree = "<group>";
		};
/* End PBXVariantGroup section */

/* Begin XCBuildConfiguration section */
		DAD9D2CC17C3DD1800B74D83 /* Debug */ = {
			isa = XCBuildConfiguration;
			buildSettings = {
				ALWAYS_SEARCH_USER_PATHS = NO;
				CLANG_CXX_LANGUAGE_STANDARD = "gnu++0x";
				CLANG_CXX_LIBRARY = "libc++";
				CLANG_ENABLE_OBJC_ARC = YES;
				CLANG_WARN_CONSTANT_CONVERSION = YES;
				CLANG_WARN_EMPTY_BODY = YES;
				CLANG_WARN_ENUM_CONVERSION = YES;
				CLANG_WARN_INT_CONVERSION = YES;
				CLANG_WARN__DUPLICATE_METHOD_MATCH = YES;
				"CODE_SIGN_IDENTITY[sdk=iphoneos*]" = "iPhone Developer";
				COPY_PHASE_STRIP = NO;
				GCC_C_LANGUAGE_STANDARD = gnu99;
				GCC_DYNAMIC_NO_PIC = NO;
				GCC_OPTIMIZATION_LEVEL = 0;
				GCC_PREPROCESSOR_DEFINITIONS = (
					"DEBUG=1",
					"$(inherited)",
				);
				GCC_SYMBOLS_PRIVATE_EXTERN = NO;
				GCC_WARN_ABOUT_RETURN_TYPE = YES;
				GCC_WARN_UNINITIALIZED_AUTOS = YES;
				GCC_WARN_UNUSED_VARIABLE = YES;
				IPHONEOS_DEPLOYMENT_TARGET = 6.1;
				ONLY_ACTIVE_ARCH = YES;
				SDKROOT = iphoneos;
			};
			name = Debug;
		};
		DAD9D2CD17C3DD1800B74D83 /* Release */ = {
			isa = XCBuildConfiguration;
			buildSettings = {
				ALWAYS_SEARCH_USER_PATHS = NO;
				CLANG_CXX_LANGUAGE_STANDARD = "gnu++0x";
				CLANG_CXX_LIBRARY = "libc++";
				CLANG_ENABLE_OBJC_ARC = YES;
				CLANG_WARN_CONSTANT_CONVERSION = YES;
				CLANG_WARN_EMPTY_BODY = YES;
				CLANG_WARN_ENUM_CONVERSION = YES;
				CLANG_WARN_INT_CONVERSION = YES;
				CLANG_WARN__DUPLICATE_METHOD_MATCH = YES;
				"CODE_SIGN_IDENTITY[sdk=iphoneos*]" = "iPhone Developer";
				COPY_PHASE_STRIP = YES;
				GCC_C_LANGUAGE_STANDARD = gnu99;
				GCC_WARN_ABOUT_RETURN_TYPE = YES;
				GCC_WARN_UNINITIALIZED_AUTOS = YES;
				GCC_WARN_UNUSED_VARIABLE = YES;
				IPHONEOS_DEPLOYMENT_TARGET = 6.1;
				OTHER_CFLAGS = "-DNS_BLOCK_ASSERTIONS=1";
				SDKROOT = iphoneos;
				VALIDATE_PRODUCT = YES;
			};
			name = Release;
		};
		DAD9D2CF17C3DD1800B74D83 /* Debug */ = {
			isa = XCBuildConfiguration;
			buildSettings = {
				GCC_PRECOMPILE_PREFIX_HEADER = YES;
				GCC_PREFIX_HEADER = "OutputOnly/OutputOnly-Prefix.pch";
				INFOPLIST_FILE = "OutputOnly/OutputOnly-Info.plist";
				PRODUCT_NAME = "$(TARGET_NAME)";
				WRAPPER_EXTENSION = app;
			};
			name = Debug;
		};
		DAD9D2D017C3DD1800B74D83 /* Release */ = {
			isa = XCBuildConfiguration;
			buildSettings = {
				GCC_PRECOMPILE_PREFIX_HEADER = YES;
				GCC_PREFIX_HEADER = "OutputOnly/OutputOnly-Prefix.pch";
				INFOPLIST_FILE = "OutputOnly/OutputOnly-Info.plist";
				PRODUCT_NAME = "$(TARGET_NAME)";
				WRAPPER_EXTENSION = app;
			};
			name = Release;
		};
		DAD9D2D217C3DD1800B74D83 /* Debug */ = {
			isa = XCBuildConfiguration;
			buildSettings = {
				BUNDLE_LOADER = "$(BUILT_PRODUCTS_DIR)/OutputOnly.app/OutputOnly";
				FRAMEWORK_SEARCH_PATHS = (
					"\"$(SDKROOT)/Developer/Library/Frameworks\"",
					"\"$(DEVELOPER_LIBRARY_DIR)/Frameworks\"",
				);
				GCC_PRECOMPILE_PREFIX_HEADER = YES;
				GCC_PREFIX_HEADER = "OutputOnly/OutputOnly-Prefix.pch";
				INFOPLIST_FILE = "OutputOnlyTests/OutputOnlyTests-Info.plist";
				PRODUCT_NAME = "$(TARGET_NAME)";
				TEST_HOST = "$(BUNDLE_LOADER)";
				WRAPPER_EXTENSION = octest;
			};
			name = Debug;
		};
		DAD9D2D317C3DD1800B74D83 /* Release */ = {
			isa = XCBuildConfiguration;
			buildSettings = {
				BUNDLE_LOADER = "$(BUILT_PRODUCTS_DIR)/OutputOnly.app/OutputOnly";
				FRAMEWORK_SEARCH_PATHS = (
					"\"$(SDKROOT)/Developer/Library/Frameworks\"",
					"\"$(DEVELOPER_LIBRARY_DIR)/Frameworks\"",
				);
				GCC_PRECOMPILE_PREFIX_HEADER = YES;
				GCC_PREFIX_HEADER = "OutputOnly/OutputOnly-Prefix.pch";
				INFOPLIST_FILE = "OutputOnlyTests/OutputOnlyTests-Info.plist";
				PRODUCT_NAME = "$(TARGET_NAME)";
				TEST_HOST = "$(BUNDLE_LOADER)";
				WRAPPER_EXTENSION = octest;
			};
			name = Release;
		};
/* End XCBuildConfiguration section */

/* Begin XCConfigurationList section */
		DAD9D29117C3DD1800B74D83 /* Build configuration list for PBXProject "OutputOnly" */ = {
			isa = XCConfigurationList;
			buildConfigurations = (
				DAD9D2CC17C3DD1800B74D83 /* Debug */,
				DAD9D2CD17C3DD1800B74D83 /* Release */,
			);
			defaultConfigurationIsVisible = 0;
			defaultConfigurationName = Release;
		};
		DAD9D2CE17C3DD1800B74D83 /* Build configuration list for PBXNativeTarget "OutputOnly" */ = {
			isa = XCConfigurationList;
			buildConfigurations = (
				DAD9D2CF17C3DD1800B74D83 /* Debug */,
				DAD9D2D017C3DD1800B74D83 /* Release */,
			);
			defaultConfigurationIsVisible = 0;
		};
		DAD9D2D117C3DD1800B74D83 /* Build configuration list for PBXNativeTarget "OutputOnlyTests" */ = {
			isa = XCConfigurationList;
			buildConfigurations = (
				DAD9D2D217C3DD1800B74D83 /* Debug */,
				DAD9D2D317C3DD1800B74D83 /* Release */,
			);
			defaultConfigurationIsVisible = 0;
		};
/* End XCConfigurationList section */
	};
	rootObject = DAD9D28E17C3DD1800B74D83 /* Project object */;
}
